
Microsoft Visual Studio Solution File, Format Version 12.00
# Visual Studio Version 17
VisualStudioVersion = 17.14.36623.8 d17.14
MinimumVisualStudioVersion = 10.0.40219.1
Project("{FAE04EC0-301F-11D3-BF4B-00C04F79EFBC}") = "TVP_projekat1_v2", "TVP_projekat1_v2\TVP_projekat1_v2.csproj", "{136912B1-5A9E-4CBE-9368-5CD47D5A0E45}"
EndProject
Global
	GlobalSection(SolutionConfigurationPlatforms) = preSolution
		Debug|Any CPU = Debug|Any CPU
		Release|Any CPU = Release|Any CPU
	EndGlobalSection
	GlobalSection(ProjectConfigurationPlatforms) = postSolution
		{136912B1-5A9E-4CBE-9368-5CD47D5A0E45}.Debug|Any CPU.ActiveCfg = Debug|Any CPU
		{136912B1-5A9E-4CBE-9368-5CD47D5A0E45}.Debug|Any CPU.Build.0 = Debug|Any CPU
		{136912B1-5A9E-4CBE-9368-5CD47D5A0E45}.Release|Any CPU.ActiveCfg = Release|Any CPU
		{136912B1-5A9E-4CBE-9368-5CD47D5A0E45}.Release|Any CPU.Build.0 = Release|Any CPU
	EndGlobalSection
	GlobalSection(SolutionProperties) = preSolution
		HideSolutionNode = FALSE
	EndGlobalSection
	GlobalSection(ExtensibilityGlobals) = postSolution
		SolutionGuid = {873EB043-98DF-4049-9172-E17BB8963BF0}
	EndGlobalSection
EndGlobal
